Microsoft Visual Studio Solution File, Format Version 11.00
# Visual Studio 2010
Project("{FAE04EC0-301F-11D3-BF4B-00C04F79EFBC}") = "Unity.ECS.VR", "Unity.ECS.VR.csproj", "{99754E06-BC68-36C2-6C27-D3A5DA1CD86F}"
EndProject
Project("{FAE04EC0-301F-11D3-BF4B-00C04F79EFBC}") = "Jumper", "Jumper.csproj", "{BAC0A689-70B1-E395-50A3-4E568572D74C}"
EndProject
Project("{FAE04EC0-301F-11D3-BF4B-00C04F79EFBC}") = "Common", "Common.csproj", "{04BA0023-B0D5-8BCE-6D5C-82B55BA06C4F}"
EndProject
Global
	GlobalSection(SolutionConfigurationPlatforms) = preSolution
		Debug|Any CPU = Debug|Any CPU
		Release|Any CPU = Release|Any CPU
	EndGlobalSection
	GlobalSection(ProjectConfigurationPlatforms) = postSolution
		{99754E06-BC68-36C2-6C27-D3A5DA1CD86F}.Debug|Any CPU.ActiveCfg = Debug|Any CPU
		{99754E06-BC68-36C2-6C27-D3A5DA1CD86F}.Debug|Any CPU.Build.0 = Debug|Any CPU
		{99754E06-BC68-36C2-6C27-D3A5DA1CD86F}.Release|Any CPU.ActiveCfg = Release|Any CPU
		{99754E06-BC68-36C2-6C27-D3A5DA1CD86F}.Release|Any CPU.Build.0 = Release|Any CPU
		{BAC0A689-70B1-E395-50A3-4E568572D74C}.Debug|Any CPU.ActiveCfg = Debug|Any CPU
		{BAC0A689-70B1-E395-50A3-4E568572D74C}.Debug|Any CPU.Build.0 = Debug|Any CPU
		{BAC0A689-70B1-E395-50A3-4E568572D74C}.Release|Any CPU.ActiveCfg = Release|Any CPU
		{BAC0A689-70B1-E395-50A3-4E568572D74C}.Release|Any CPU.Build.0 = Release|Any CPU
		{04BA0023-B0D5-8BCE-6D5C-82B55BA06C4F}.Debug|Any CPU.ActiveCfg = Debug|Any CPU
		{04BA0023-B0D5-8BCE-6D5C-82B55BA06C4F}.Debug|Any CPU.Build.0 = Debug|Any CPU
		{04BA0023-B0D5-8BCE-6D5C-82B55BA06C4F}.Release|Any CPU.ActiveCfg = Release|Any CPU
		{04BA0023-B0D5-8BCE-6D5C-82B55BA06C4F}.Release|Any CPU.Build.0 = Release|Any CPU
	EndGlobalSection
	GlobalSection(SolutionProperties) = preSolution
		HideSolutionNode = FALSE
	EndGlobalSection
	GlobalSection(MonoDevelopProperties) = preSolution
		StartupItem = Assembly-CSharp.csproj
	EndGlobalSection
EndGlobal
